
Microsoft Visual Studio Solution File, Format Version 12.00
# Visual Studio Version 17
VisualStudioVersion = 17.5.33414.496
MinimumVisualStudioVersion = 10.0.40219.1
Project("{9A19103F-16F7-4668-BE54-9A1E7A4F7556}") = "1. pin codes", "1. pin codes\1. pin codes.csproj", "{93BB69E6-5155-47DB-9D8B-AA5BF0930E55}"
EndProject
Project("{9A19103F-16F7-4668-BE54-9A1E7A4F7556}") = "2. letters combination", "2. letters combination\2. letters combination.csproj", "{4FF5E32F-E9E0-42D0-A4C8-669FEE4A69B1}"
EndProject
Project("{9A19103F-16F7-4668-BE54-9A1E7A4F7556}") = "3. lucky numbers", "3. lucky numbers\3. lucky numbers.csproj", "{C4988B2E-5113-4095-8074-27E6DE89CFA0}"
EndProject
Project("{9A19103F-16F7-4668-BE54-9A1E7A4F7556}") = "4. car number", "4. car number\4. car number.csproj", "{F3E982B2-6CBC-48C9-80DD-B5325AA128AA}"
EndProject
Project("{9A19103F-16F7-4668-BE54-9A1E7A4F7556}") = "5. challenge wedding", "5. challenge wedding\5. challenge wedding.csproj", "{DADE2656-A5B6-4F96-BA17-C462175DD8E9}"
EndProject
Project("{9A19103F-16F7-4668-BE54-9A1E7A4F7556}") = "6. wedding seats", "6. wedding seats\6. wedding seats.csproj", "{1CD7E8B2-B4E0-4841-9FFC-629F2F9DA1E3}"
EndProject
Project("{9A19103F-16F7-4668-BE54-9A1E7A4F7556}") = "7. safe password gen", "7. safe password gen\7. safe password gen.csproj", "{CC8C0CDB-1280-4231-B2D7-D5185BC8252E}"
EndProject
Project("{9A19103F-16F7-4668-BE54-9A1E7A4F7556}") = "8. secret door lock", "8. secret door lock\8. secret door lock.csproj", "{B2154768-4EEE-467A-A6D5-A642C9C75B75}"
EndProject
Project("{9A19103F-16F7-4668-BE54-9A1E7A4F7556}") = "9. sum of two num", "9. sum of two num\9. sum of two num.csproj", "{29D4AAFD-C7FF-4D77-A7D0-8A1A3064C763}"
EndProject
Project("{9A19103F-16F7-4668-BE54-9A1E7A4F7556}") = "10. profit", "10. profit\10. profit.csproj", "{CBD4D6D6-C668-44FF-BF23-168E55014ADD}"
EndProject
Project("{FAE04EC0-301F-11D3-BF4B-00C04F79EFBC}") = "11. happy cat", "11. happy cat\11. happy cat.csproj", "{00FAB9EC-6A3E-4DBF-8B8C-0FAA58432C77}"
EndProject
Global
	GlobalSection(SolutionConfigurationPlatforms) = preSolution
		Debug|Any CPU = Debug|Any CPU
		Release|Any CPU = Release|Any CPU
	EndGlobalSection
	GlobalSection(ProjectConfigurationPlatforms) = postSolution
		{93BB69E6-5155-47DB-9D8B-AA5BF0930E55}.Debug|Any CPU.ActiveCfg = Debug|Any CPU
		{93BB69E6-5155-47DB-9D8B-AA5BF0930E55}.Debug|Any CPU.Build.0 = Debug|Any CPU
		{93BB69E6-5155-47DB-9D8B-AA5BF0930E55}.Release|Any CPU.ActiveCfg = Release|Any CPU
		{93BB69E6-5155-47DB-9D8B-AA5BF0930E55}.Release|Any CPU.Build.0 = Release|Any CPU
		{4FF5E32F-E9E0-42D0-A4C8-669FEE4A69B1}.Debug|Any CPU.ActiveCfg = Debug|Any CPU
		{4FF5E32F-E9E0-42D0-A4C8-669FEE4A69B1}.Debug|Any CPU.Build.0 = Debug|Any CPU
		{4FF5E32F-E9E0-42D0-A4C8-669FEE4A69B1}.Release|Any CPU.ActiveCfg = Release|Any CPU
		{4FF5E32F-E9E0-42D0-A4C8-669FEE4A69B1}.Release|Any CPU.Build.0 = Release|Any CPU
		{C4988B2E-5113-4095-8074-27E6DE89CFA0}.Debug|Any CPU.ActiveCfg = Debug|Any CPU
		{C4988B2E-5113-4095-8074-27E6DE89CFA0}.Debug|Any CPU.Build.0 = Debug|Any CPU
		{C4988B2E-5113-4095-8074-27E6DE89CFA0}.Release|Any CPU.ActiveCfg = Release|Any CPU
		{C4988B2E-5113-4095-8074-27E6DE89CFA0}.Release|Any CPU.Build.0 = Release|Any CPU
		{F3E982B2-6CBC-48C9-80DD-B5325AA128AA}.Debug|Any CPU.ActiveCfg = Debug|Any CPU
		{F3E982B2-6CBC-48C9-80DD-B5325AA128AA}.Debug|Any CPU.Build.0 = Debug|Any CPU
		{F3E982B2-6CBC-48C9-80DD-B5325AA128AA}.Release|Any CPU.ActiveCfg = Release|Any CPU
		{F3E982B2-6CBC-48C9-80DD-B5325AA128AA}.Release|Any CPU.Build.0 = Release|Any CPU
		{DADE2656-A5B6-4F96-BA17-C462175DD8E9}.Debug|Any CPU.ActiveCfg = Debug|Any CPU
		{DADE2656-A5B6-4F96-BA17-C462175DD8E9}.Debug|Any CPU.Build.0 = Debug|Any CPU
		{DADE2656-A5B6-4F96-BA17-C462175DD8E9}.Release|Any CPU.ActiveCfg = Release|Any CPU
		{DADE2656-A5B6-4F96-BA17-C462175DD8E9}.Release|Any CPU.Build.0 = Release|Any CPU
		{1CD7E8B2-B4E0-4841-9FFC-629F2F9DA1E3}.Debug|Any CPU.ActiveCfg = Debug|Any CPU
		{1CD7E8B2-B4E0-4841-9FFC-629F2F9DA1E3}.Debug|Any CPU.Build.0 = Debug|Any CPU
		{1CD7E8B2-B4E0-4841-9FFC-629F2F9DA1E3}.Release|Any CPU.ActiveCfg = Release|Any CPU
		{1CD7E8B2-B4E0-4841-9FFC-629F2F9DA1E3}.Release|Any CPU.Build.0 = Release|Any CPU
		{CC8C0CDB-1280-4231-B2D7-D5185BC8252E}.Debug|Any CPU.ActiveCfg = Debug|Any CPU
		{CC8C0CDB-1280-4231-B2D7-D5185BC8252E}.Debug|Any CPU.Build.0 = Debug|Any CPU
		{CC8C0CDB-1280-4231-B2D7-D5185BC8252E}.Release|Any CPU.ActiveCfg = Release|Any CPU
		{CC8C0CDB-1280-4231-B2D7-D5185BC8252E}.Release|Any CPU.Build.0 = Release|Any CPU
		{B2154768-4EEE-467A-A6D5-A642C9C75B75}.Debug|Any CPU.ActiveCfg = Debug|Any CPU
		{B2154768-4EEE-467A-A6D5-A642C9C75B75}.Debug|Any CPU.Build.0 = Debug|Any CPU
		{B2154768-4EEE-467A-A6D5-A642C9C75B75}.Release|Any CPU.ActiveCfg = Release|Any CPU
		{B2154768-4EEE-467A-A6D5-A642C9C75B75}.Release|Any CPU.Build.0 = Release|Any CPU
		{29D4AAFD-C7FF-4D77-A7D0-8A1A3064C763}.Debug|Any CPU.ActiveCfg = Debug|Any CPU
		{29D4AAFD-C7FF-4D77-A7D0-8A1A3064C763}.Debug|Any CPU.Build.0 = Debug|Any CPU
		{29D4AAFD-C7FF-4D77-A7D0-8A1A3064C763}.Release|Any CPU.ActiveCfg = Release|Any CPU
		{29D4AAFD-C7FF-4D77-A7D0-8A1A3064C763}.Release|Any CPU.Build.0 = Release|Any CPU
		{CBD4D6D6-C668-44FF-BF23-168E55014ADD}.Debug|Any CPU.ActiveCfg = Debug|Any CPU
		{CBD4D6D6-C668-44FF-BF23-168E55014ADD}.Debug|Any CPU.Build.0 = Debug|Any CPU
		{CBD4D6D6-C668-44FF-BF23-168E55014ADD}.Release|Any CPU.ActiveCfg = Release|Any CPU
		{CBD4D6D6-C668-44FF-BF23-168E55014ADD}.Release|Any CPU.Build.0 = Release|Any CPU
		{00FAB9EC-6A3E-4DBF-8B8C-0FAA58432C77}.Debug|Any CPU.ActiveCfg = Debug|Any CPU
		{00FAB9EC-6A3E-4DBF-8B8C-0FAA58432C77}.Debug|Any CPU.Build.0 = Debug|Any CPU
		{00FAB9EC-6A3E-4DBF-8B8C-0FAA58432C77}.Release|Any CPU.ActiveCfg = Release|Any CPU
		{00FAB9EC-6A3E-4DBF-8B8C-0FAA58432C77}.Release|Any CPU.Build.0 = Release|Any CPU
	EndGlobalSection
	GlobalSection(SolutionProperties) = preSolution
		HideSolutionNode = FALSE
	EndGlobalSection
	GlobalSection(ExtensibilityGlobals) = postSolution
		SolutionGuid = {909222B7-83A8-4C22-8A37-D8E78914D6E7}
	EndGlobalSection
EndGlobal
